
Microsoft Visual Studio Solution File, Format Version 12.00
# Visual Studio 15
Project("{FAE04EC0-301F-11D3-BF4B-00C04F79EFBC}") = "IRunes", "IRunes\IRunes.csproj", "{3B90DB63-0170-482B-9C22-9583B50DC8F8}"
EndProject
Project("{FAE04EC0-301F-11D3-BF4B-00C04F79EFBC}") = "SIS.HTTP", "SIS.HTTP\SIS.HTTP.csproj", "{70CBE003-A4F7-4AD9-AEEF-1E561DE42504}"
EndProject
Project("{FAE04EC0-301F-11D3-BF4B-00C04F79EFBC}") = "SIS.MvcFramework", "SIS.MvcFramework\SIS.MvcFramework.csproj", "{88B0F931-EFA4-4282-9D5D-B1C420202D11}"
EndProject
Global
	GlobalSection(SolutionConfigurationPlatforms) = preSolution
		Debug|Any CPU = Debug|Any CPU
		Release|Any CPU = Release|Any CPU
	EndGlobalSection
	GlobalSection(ProjectConfigurationPlatforms) = postSolution
		{3B90DB63-0170-482B-9C22-9583B50DC8F8}.Debug|Any CPU.ActiveCfg = Debug|Any CPU
		{3B90DB63-0170-482B-9C22-9583B50DC8F8}.Debug|Any CPU.Build.0 = Debug|Any CPU
		{3B90DB63-0170-482B-9C22-9583B50DC8F8}.Release|Any CPU.ActiveCfg = Release|Any CPU
		{3B90DB63-0170-482B-9C22-9583B50DC8F8}.Release|Any CPU.Build.0 = Release|Any CPU
		{70CBE003-A4F7-4AD9-AEEF-1E561DE42504}.Debug|Any CPU.ActiveCfg = Debug|Any CPU
		{70CBE003-A4F7-4AD9-AEEF-1E561DE42504}.Debug|Any CPU.Build.0 = Debug|Any CPU
		{70CBE003-A4F7-4AD9-AEEF-1E561DE42504}.Release|Any CPU.ActiveCfg = Release|Any CPU
		{70CBE003-A4F7-4AD9-AEEF-1E561DE42504}.Release|Any CPU.Build.0 = Release|Any CPU
		{88B0F931-EFA4-4282-9D5D-B1C420202D11}.Debug|Any CPU.ActiveCfg = Debug|Any CPU
		{88B0F931-EFA4-4282-9D5D-B1C420202D11}.Debug|Any CPU.Build.0 = Debug|Any CPU
		{88B0F931-EFA4-4282-9D5D-B1C420202D11}.Release|Any CPU.ActiveCfg = Release|Any CPU
		{88B0F931-EFA4-4282-9D5D-B1C420202D11}.Release|Any CPU.Build.0 = Release|Any CPU
	EndGlobalSection
EndGlobal
